Microsoft Visual Studio Solution File, Format Version 12.00
# Visual Studio Version 17
VisualStudioVersion = 17.5.2.0
MinimumVisualStudioVersion = 10.0.40219.1
Project("{FAE04EC0-301F-11D3-BF4B-00C04F79EFBC}") = "car-prices", "car-prices.csproj", "{2903DB2A-6783-4225-271B-C6534289790D}"
EndProject
Global
	GlobalSection(SolutionConfigurationPlatforms) = preSolution
		Debug|Any CPU = Debug|Any CPU
		Release|Any CPU = Release|Any CPU
	EndGlobalSection
	GlobalSection(ProjectConfigurationPlatforms) = postSolution
		{2903DB2A-6783-4225-271B-C6534289790D}.Debug|Any CPU.ActiveCfg = Debug|Any CPU
		{2903DB2A-6783-4225-271B-C6534289790D}.Debug|Any CPU.Build.0 = Debug|Any CPU
		{2903DB2A-6783-4225-271B-C6534289790D}.Release|Any CPU.ActiveCfg = Release|Any CPU
		{2903DB2A-6783-4225-271B-C6534289790D}.Release|Any CPU.Build.0 = Release|Any CPU
	EndGlobalSection
	GlobalSection(SolutionProperties) = preSolution
		HideSolutionNode = FALSE
	EndGlobalSection
	GlobalSection(ExtensibilityGlobals) = postSolution
		SolutionGuid = {7C60785D-B8A1-4607-B91A-55133F5084B7}
	EndGlobalSection
EndGlobal
